
Microsoft Visual Studio Solution File, Format Version 12.00
# Visual Studio Version 17
VisualStudioVersion = 17.13.35931.197 d17.13
MinimumVisualStudioVersion = 10.0.40219.1
Project("{54A90642-561A-4BB1-A94E-469ADEE60C69}") = "fastpay.client", "fastpay.client\fastpay.client.esproj", "{FDEA14B4-246E-7DB0-35CA-3A29E7FB9F29}"
EndProject
Project("{FAE04EC0-301F-11D3-BF4B-00C04F79EFBC}") = "FastPay.Server", "FastPay.Server\FastPay.Server.csproj", "{343E76C6-57B3-46CE-9CAF-987FF493942C}"
EndProject
Global
	GlobalSection(SolutionConfigurationPlatforms) = preSolution
		Debug|Any CPU = Debug|Any CPU
		Release|Any CPU = Release|Any CPU
	EndGlobalSection
	GlobalSection(ProjectConfigurationPlatforms) = postSolution
		{FDEA14B4-246E-7DB0-35CA-3A29E7FB9F29}.Debug|Any CPU.ActiveCfg = Debug|Any CPU
		{FDEA14B4-246E-7DB0-35CA-3A29E7FB9F29}.Debug|Any CPU.Build.0 = Debug|Any CPU
		{FDEA14B4-246E-7DB0-35CA-3A29E7FB9F29}.Debug|Any CPU.Deploy.0 = Debug|Any CPU
		{FDEA14B4-246E-7DB0-35CA-3A29E7FB9F29}.Release|Any CPU.ActiveCfg = Release|Any CPU
		{FDEA14B4-246E-7DB0-35CA-3A29E7FB9F29}.Release|Any CPU.Build.0 = Release|Any CPU
		{FDEA14B4-246E-7DB0-35CA-3A29E7FB9F29}.Release|Any CPU.Deploy.0 = Release|Any CPU
		{343E76C6-57B3-46CE-9CAF-987FF493942C}.Debug|Any CPU.ActiveCfg = Debug|Any CPU
		{343E76C6-57B3-46CE-9CAF-987FF493942C}.Debug|Any CPU.Build.0 = Debug|Any CPU
		{343E76C6-57B3-46CE-9CAF-987FF493942C}.Release|Any CPU.ActiveCfg = Release|Any CPU
		{343E76C6-57B3-46CE-9CAF-987FF493942C}.Release|Any CPU.Build.0 = Release|Any CPU
	EndGlobalSection
	GlobalSection(SolutionProperties) = preSolution
		HideSolutionNode = FALSE
	EndGlobalSection
	GlobalSection(ExtensibilityGlobals) = postSolution
		SolutionGuid = {02C0CABA-C43F-48BF-B825-3C8D6D061418}
	EndGlobalSection
EndGlobal
